
Microsoft Visual Studio Solution File, Format Version 12.00
# Visual Studio Version 17
VisualStudioVersion = 17.14.36908.2 d17.14
MinimumVisualStudioVersion = 10.0.40219.1
Project("{FAE04EC0-301F-11D3-BF4B-00C04F79EFBC}") = "TryCatchAssignment", "TryCatchAssignment.csproj", "{A701D1D6-057D-4303-B2AB-9613EAC83CCF}"
EndProject
Global
	GlobalSection(SolutionConfigurationPlatforms) = preSolution
		Debug|Any CPU = Debug|Any CPU
		Release|Any CPU = Release|Any CPU
	EndGlobalSection
	GlobalSection(ProjectConfigurationPlatforms) = postSolution
		{A701D1D6-057D-4303-B2AB-9613EAC83CCF}.Debug|Any CPU.ActiveCfg = Debug|Any CPU
		{A701D1D6-057D-4303-B2AB-9613EAC83CCF}.Debug|Any CPU.Build.0 = Debug|Any CPU
		{A701D1D6-057D-4303-B2AB-9613EAC83CCF}.Release|Any CPU.ActiveCfg = Release|Any CPU
		{A701D1D6-057D-4303-B2AB-9613EAC83CCF}.Release|Any CPU.Build.0 = Release|Any CPU
	EndGlobalSection
	GlobalSection(SolutionProperties) = preSolution
		HideSolutionNode = FALSE
	EndGlobalSection
	GlobalSection(ExtensibilityGlobals) = postSolution
		SolutionGuid = {B7B05E9E-BBE9-4502-9E16-7D961F63136E}
	EndGlobalSection
EndGlobal
