
Microsoft Visual Studio Solution File, Format Version 12.00
# Visual Studio Version 17
VisualStudioVersion = 17.14.36623.8 d17.14
MinimumVisualStudioVersion = 10.0.40219.1
Project("{FAE04EC0-301F-11D3-BF4B-00C04F79EFBC}") = "MethodsandObjectsAssignment", "MethodsandObjectsAssignment.csproj", "{09237DF7-505E-4340-BCC6-6FD1C1EC67DC}"
EndProject
Global
	GlobalSection(SolutionConfigurationPlatforms) = preSolution
		Debug|Any CPU = Debug|Any CPU
		Release|Any CPU = Release|Any CPU
	EndGlobalSection
	GlobalSection(ProjectConfigurationPlatforms) = postSolution
		{09237DF7-505E-4340-BCC6-6FD1C1EC67DC}.Debug|Any CPU.ActiveCfg = Debug|Any CPU
		{09237DF7-505E-4340-BCC6-6FD1C1EC67DC}.Debug|Any CPU.Build.0 = Debug|Any CPU
		{09237DF7-505E-4340-BCC6-6FD1C1EC67DC}.Release|Any CPU.ActiveCfg = Release|Any CPU
		{09237DF7-505E-4340-BCC6-6FD1C1EC67DC}.Release|Any CPU.Build.0 = Release|Any CPU
	EndGlobalSection
	GlobalSection(SolutionProperties) = preSolution
		HideSolutionNode = FALSE
	EndGlobalSection
	GlobalSection(ExtensibilityGlobals) = postSolution
		SolutionGuid = {966A3549-2578-4E35-A6AC-4AFE3BA9E7E6}
	EndGlobalSection
EndGlobal
