
Microsoft Visual Studio Solution File, Format Version 12.00
# Visual Studio Version 17
VisualStudioVersion = 17.14.36908.2 d17.14
MinimumVisualStudioVersion = 10.0.40219.1
Project("{FAE04EC0-301F-11D3-BF4B-00C04F79EFBC}") = "DatetimeAssignment", "DatetimeAssignment.csproj", "{9AE05992-DAE3-440D-B165-A89C9BCD8F3B}"
EndProject
Global
	GlobalSection(SolutionConfigurationPlatforms) = preSolution
		Debug|Any CPU = Debug|Any CPU
		Release|Any CPU = Release|Any CPU
	EndGlobalSection
	GlobalSection(ProjectConfigurationPlatforms) = postSolution
		{9AE05992-DAE3-440D-B165-A89C9BCD8F3B}.Debug|Any CPU.ActiveCfg = Debug|Any CPU
		{9AE05992-DAE3-440D-B165-A89C9BCD8F3B}.Debug|Any CPU.Build.0 = Debug|Any CPU
		{9AE05992-DAE3-440D-B165-A89C9BCD8F3B}.Release|Any CPU.ActiveCfg = Release|Any CPU
		{9AE05992-DAE3-440D-B165-A89C9BCD8F3B}.Release|Any CPU.Build.0 = Release|Any CPU
	EndGlobalSection
	GlobalSection(SolutionProperties) = preSolution
		HideSolutionNode = FALSE
	EndGlobalSection
	GlobalSection(ExtensibilityGlobals) = postSolution
		SolutionGuid = {5BE844E5-CEA3-4497-B99A-986871103381}
	EndGlobalSection
EndGlobal
