
Microsoft Visual Studio Solution File, Format Version 12.00
# Visual Studio Version 17
VisualStudioVersion = 17.14.36623.8 d17.14
MinimumVisualStudioVersion = 10.0.40219.1
Project("{FAE04EC0-301F-11D3-BF4B-00C04F79EFBC}") = "SixPartConsoleAppAssignment", "SixPartConsoleAppAssignment.csproj", "{9150803E-9C8B-4328-A203-6268E2781529}"
EndProject
Global
	GlobalSection(SolutionConfigurationPlatforms) = preSolution
		Debug|Any CPU = Debug|Any CPU
		Release|Any CPU = Release|Any CPU
	EndGlobalSection
	GlobalSection(ProjectConfigurationPlatforms) = postSolution
		{9150803E-9C8B-4328-A203-6268E2781529}.Debug|Any CPU.ActiveCfg = Debug|Any CPU
		{9150803E-9C8B-4328-A203-6268E2781529}.Debug|Any CPU.Build.0 = Debug|Any CPU
		{9150803E-9C8B-4328-A203-6268E2781529}.Release|Any CPU.ActiveCfg = Release|Any CPU
		{9150803E-9C8B-4328-A203-6268E2781529}.Release|Any CPU.Build.0 = Release|Any CPU
	EndGlobalSection
	GlobalSection(SolutionProperties) = preSolution
		HideSolutionNode = FALSE
	EndGlobalSection
	GlobalSection(ExtensibilityGlobals) = postSolution
		SolutionGuid = {8165BCB1-6809-426C-B857-AB8EBD3F4D94}
	EndGlobalSection
EndGlobal
