
Microsoft Visual Studio Solution File, Format Version 12.00
# Visual Studio Version 17
VisualStudioVersion = 17.14.36623.8 d17.14
MinimumVisualStudioVersion = 10.0.40219.1
Project("{FAE04EC0-301F-11D3-BF4B-00C04F79EFBC}") = "MathandComparisonOperatorsAssignment", "MathandComparisonOperatorsAssignment.csproj", "{8BCC3D0C-3A0C-42B3-A002-00E64EADAA53}"
EndProject
Global
	GlobalSection(SolutionConfigurationPlatforms) = preSolution
		Debug|Any CPU = Debug|Any CPU
		Release|Any CPU = Release|Any CPU
	EndGlobalSection
	GlobalSection(ProjectConfigurationPlatforms) = postSolution
		{8BCC3D0C-3A0C-42B3-A002-00E64EADAA53}.Debug|Any CPU.ActiveCfg = Debug|Any CPU
		{8BCC3D0C-3A0C-42B3-A002-00E64EADAA53}.Debug|Any CPU.Build.0 = Debug|Any CPU
		{8BCC3D0C-3A0C-42B3-A002-00E64EADAA53}.Release|Any CPU.ActiveCfg = Release|Any CPU
		{8BCC3D0C-3A0C-42B3-A002-00E64EADAA53}.Release|Any CPU.Build.0 = Release|Any CPU
	EndGlobalSection
	GlobalSection(SolutionProperties) = preSolution
		HideSolutionNode = FALSE
	EndGlobalSection
	GlobalSection(ExtensibilityGlobals) = postSolution
		SolutionGuid = {7C05FC6E-279F-4A4D-A0B0-23281B963369}
	EndGlobalSection
EndGlobal
